
Microsoft Visual Studio Solution File, Format Version 12.00
# Visual Studio 15
VisualStudioVersion = 15.0.26430.6
MinimumVisualStudioVersion = 10.0.40219.1
Project("{2150E333-8FDC-42A3-9474-1A3956D46DE8}") = "Solution Items", "Solution Items", "{5BA578B5-930F-432A-A413-0684A86D64B1}"
	ProjectSection(SolutionItems) = preProject
		appveyor.yml = appveyor.yml
		build.cake = build.cake
		CONTRIBUTING.md = CONTRIBUTING.md
		LICENSE.md = LICENSE.md
		README.md = README.md
	EndProjectSection
EndProject
Project("{2150E333-8FDC-42A3-9474-1A3956D46DE8}") = "src", "src", "{3B1C65FB-5794-4F14-86D9-1A97FDA3C33D}"
EndProject
Project("{9A19103F-16F7-4668-BE54-9A1E7A4F7556}") = "DiscordRest.Data", "src\DiscordRest.Data\DiscordRest.Data.csproj", "{072517B4-278B-48E4-9F3D-6BC9DAFECDF4}"
EndProject
Project("{9A19103F-16F7-4668-BE54-9A1E7A4F7556}") = "DiscordRest", "src\DiscordRest\DiscordRest.csproj", "{74DDFF98-723C-4730-B5DF-729792CDE562}"
EndProject
Project("{2150E333-8FDC-42A3-9474-1A3956D46DE8}") = "test", "test", "{EE24B20C-7DBB-4D19-89E4-B61035B33A7A}"
EndProject
Project("{9A19103F-16F7-4668-BE54-9A1E7A4F7556}") = "DiscordRest.Tests", "test\DiscordRest.Tests\DiscordRest.Tests.csproj", "{5EB136C2-3682-4638-B72E-60999CE388C1}"
EndProject
Project("{9A19103F-16F7-4668-BE54-9A1E7A4F7556}") = "DiscordRest.Data.Tests", "test\DiscordRest.Data.Tests\DiscordRest.Data.Tests.csproj", "{DD63BD90-D9A9-4CF5-B952-2178B05B676B}"
EndProject
Project("{2150E333-8FDC-42A3-9474-1A3956D46DE8}") = "sample", "sample", "{0F309D6B-9F74-4367-B760-1EDBD5E112FE}"
EndProject
Global
	GlobalSection(SolutionConfigurationPlatforms) = preSolution
		Debug|Any CPU = Debug|Any CPU
		Release|Any CPU = Release|Any CPU
	EndGlobalSection
	GlobalSection(ProjectConfigurationPlatforms) = postSolution
		{072517B4-278B-48E4-9F3D-6BC9DAFECDF4}.Debug|Any CPU.ActiveCfg = Debug|Any CPU
		{072517B4-278B-48E4-9F3D-6BC9DAFECDF4}.Debug|Any CPU.Build.0 = Debug|Any CPU
		{072517B4-278B-48E4-9F3D-6BC9DAFECDF4}.Release|Any CPU.ActiveCfg = Release|Any CPU
		{072517B4-278B-48E4-9F3D-6BC9DAFECDF4}.Release|Any CPU.Build.0 = Release|Any CPU
		{74DDFF98-723C-4730-B5DF-729792CDE562}.Debug|Any CPU.ActiveCfg = Debug|Any CPU
		{74DDFF98-723C-4730-B5DF-729792CDE562}.Debug|Any CPU.Build.0 = Debug|Any CPU
		{74DDFF98-723C-4730-B5DF-729792CDE562}.Release|Any CPU.ActiveCfg = Release|Any CPU
		{74DDFF98-723C-4730-B5DF-729792CDE562}.Release|Any CPU.Build.0 = Release|Any CPU
		{5EB136C2-3682-4638-B72E-60999CE388C1}.Debug|Any CPU.ActiveCfg = Debug|Any CPU
		{5EB136C2-3682-4638-B72E-60999CE388C1}.Debug|Any CPU.Build.0 = Debug|Any CPU
		{5EB136C2-3682-4638-B72E-60999CE388C1}.Release|Any CPU.ActiveCfg = Release|Any CPU
		{5EB136C2-3682-4638-B72E-60999CE388C1}.Release|Any CPU.Build.0 = Release|Any CPU
		{DD63BD90-D9A9-4CF5-B952-2178B05B676B}.Debug|Any CPU.ActiveCfg = Debug|Any CPU
		{DD63BD90-D9A9-4CF5-B952-2178B05B676B}.Debug|Any CPU.Build.0 = Debug|Any CPU
		{DD63BD90-D9A9-4CF5-B952-2178B05B676B}.Release|Any CPU.ActiveCfg = Release|Any CPU
		{DD63BD90-D9A9-4CF5-B952-2178B05B676B}.Release|Any CPU.Build.0 = Release|Any CPU
	EndGlobalSection
	GlobalSection(SolutionProperties) = preSolution
		HideSolutionNode = FALSE
	EndGlobalSection
	GlobalSection(NestedProjects) = preSolution
		{072517B4-278B-48E4-9F3D-6BC9DAFECDF4} = {3B1C65FB-5794-4F14-86D9-1A97FDA3C33D}
		{74DDFF98-723C-4730-B5DF-729792CDE562} = {3B1C65FB-5794-4F14-86D9-1A97FDA3C33D}
		{5EB136C2-3682-4638-B72E-60999CE388C1} = {EE24B20C-7DBB-4D19-89E4-B61035B33A7A}
		{DD63BD90-D9A9-4CF5-B952-2178B05B676B} = {EE24B20C-7DBB-4D19-89E4-B61035B33A7A}
	EndGlobalSection
EndGlobal
